
Microsoft Visual Studio Solution File, Format Version 12.00
# Visual Studio Version 17
VisualStudioVersion = 17.4.33403.182
MinimumVisualStudioVersion = 10.0.40219.1
Project("{FAE04EC0-301F-11D3-BF4B-00C04F79EFBC}") = "testDB_Dapper", "testDB_Dapper\testDB_Dapper.csproj", "{364099CC-5DEC-4211-B8E7-D05A2707E29E}"
EndProject
Global
	GlobalSection(SolutionConfigurationPlatforms) = preSolution
		Debug|Any CPU = Debug|Any CPU
		Release|Any CPU = Release|Any CPU
	EndGlobalSection
	GlobalSection(ProjectConfigurationPlatforms) = postSolution
		{364099CC-5DEC-4211-B8E7-D05A2707E29E}.Debug|Any CPU.ActiveCfg = Debug|Any CPU
		{364099CC-5DEC-4211-B8E7-D05A2707E29E}.Debug|Any CPU.Build.0 = Debug|Any CPU
		{364099CC-5DEC-4211-B8E7-D05A2707E29E}.Release|Any CPU.ActiveCfg = Release|Any CPU
		{364099CC-5DEC-4211-B8E7-D05A2707E29E}.Release|Any CPU.Build.0 = Release|Any CPU
	EndGlobalSection
	GlobalSection(SolutionProperties) = preSolution
		HideSolutionNode = FALSE
	EndGlobalSection
	GlobalSection(ExtensibilityGlobals) = postSolution
		SolutionGuid = {C1BB67BE-4002-4AE8-B985-3050E8E23559}
	EndGlobalSection
EndGlobal
